// !$*UTF8*$!
{
	archiveVersion = 1;
	classes = {
	};
	objectVersion = 56;
	objects = {

/* Begin PBXBuildFile section */
		8C17A71B2A450EF500AFFE22 /* AppDelegate.swift in Sources */ = {isa = PBXBuildFile; fileRef = 8C17A71A2A450EF500AFFE22 /* AppDelegate.swift */; };
		8C17A71D2A450EF500AFFE22 /* SceneDelegate.swift in Sources */ = {isa = PBXBuildFile; fileRef = 8C17A71C2A450EF500AFFE22 /* SceneDelegate.swift */; };
		8C17A71F2A450EF500AFFE22 /* ViewController.swift in Sources */ = {isa = PBXBuildFile; fileRef = 8C17A71E2A450EF500AFFE22 /* ViewController.swift */; };
		8C17A7222A450EF500AFFE22 /* Main.storyboard in Resources */ = {isa = PBXBuildFile; fileRef = 8C17A7202A450EF500AFFE22 /* Main.storyboard */; };
		8C17A7252A450EF500AFFE22 /* DessertPicker.xcdatamodeld in Sources */ = {isa = PBXBuildFile; fileRef = 8C17A7232A450EF500AFFE22 /* DessertPicker.xcdatamodeld */; };
		8C17A7272A450EF800AFFE22 /* Assets.xcassets in Resources */ = {isa = PBXBuildFile; fileRef = 8C17A7262A450EF800AFFE22 /* Assets.xcassets */; };
		8C17A72A2A450EF800AFFE22 /* LaunchScreen.storyboard in Resources */ = {isa = PBXBuildFile; fileRef = 8C17A7282A450EF800AFFE22 /* LaunchScreen.storyboard */; };
		8C17A7352A450EF900AFFE22 /* DessertPickerTests.swift in Sources */ = {isa = PBXBuildFile; fileRef = 8C17A7342A450EF900AFFE22 /* DessertPickerTests.swift */; };
		8C17A73F2A450EF900AFFE22 /* DessertPickerUITests.swift in Sources */ = {isa = PBXBuildFile; fileRef = 8C17A73E2A450EF900AFFE22 /* DessertPickerUITests.swift */; };
		8C17A7412A450EF900AFFE22 /* DessertPickerUITestsLaunchTests.swift in Sources */ = {isa = PBXBuildFile; fileRef = 8C17A7402A450EF900AFFE22 /* DessertPickerUITestsLaunchTests.swift */; };
		8C17A74E2A45250B00AFFE22 /* DessertInfoViewController.swift in Sources */ = {isa = PBXBuildFile; fileRef = 8C17A74D2A45250B00AFFE22 /* DessertInfoViewController.swift */; };
/* End PBXBuildFile section */

/* Begin PBXContainerItemProxy section */
		8C17A7312A450EF900AFFE22 /* PBXContainerItemProxy */ = {
			isa = PBXContainerItemProxy;
			containerPortal = 8C17A70F2A450EF400AFFE22 /* Project object */;
			proxyType = 1;
			remoteGlobalIDString = 8C17A7162A450EF500AFFE22;
			remoteInfo = DessertPicker;
		};
		8C17A73B2A450EF900AFFE22 /* PBXContainerItemProxy */ = {
			isa = PBXContainerItemProxy;
			containerPortal = 8C17A70F2A450EF400AFFE22 /* Project object */;
			proxyType = 1;
			remoteGlobalIDString = 8C17A7162A450EF500AFFE22;
			remoteInfo = DessertPicker;
		};
/* End PBXContainerItemProxy section */

/* Begin PBXFileReference section */
		8C17A7172A450EF500AFFE22 /* DessertPicker.app */ = {isa = PBXFileReference; explicitFileType = wrapper.application; includeInIndex = 0; path = DessertPicker.app; sourceTree = BUILT_PRODUCTS_DIR; };
		8C17A71A2A450EF500AFFE22 /* AppDelegate.swift */ = {isa = PBXFileReference; lastKnownFileType = sourcecode.swift; path = AppDelegate.swift; sourceTree = "<group>"; };
		8C17A71C2A450EF500AFFE22 /* SceneDelegate.swift */ = {isa = PBXFileReference; lastKnownFileType = sourcecode.swift; path = SceneDelegate.swift; sourceTree = "<group>"; };
		8C17A71E2A450EF500AFFE22 /* ViewController.swift */ = {isa = PBXFileReference; lastKnownFileType = sourcecode.swift; path = ViewController.swift; sourceTree = "<group>"; };
		8C17A7212A450EF500AFFE22 /* Base */ = {isa = PBXFileReference; lastKnownFileType = file.storyboard; name = Base; path = Base.lproj/Main.storyboard; sourceTree = "<group>"; };
		8C17A7242A450EF500AFFE22 /* DessertPicker.xcdatamodel */ = {isa = PBXFileReference; lastKnownFileType = wrapper.xcdatamodel; path = DessertPicker.xcdatamodel; sourceTree = "<group>"; };
		8C17A7262A450EF800AFFE22 /* Assets.xcassets */ = {isa = PBXFileReference; lastKnownFileType = folder.assetcatalog; path = Assets.xcassets; sourceTree = "<group>"; };
		8C17A7292A450EF800AFFE22 /* Base */ = {isa = PBXFileReference; lastKnownFileType = file.storyboard; name = Base; path = Base.lproj/LaunchScreen.storyboard; sourceTree = "<group>"; };
		8C17A72B2A450EF800AFFE22 /* Info.plist */ = {isa = PBXFileReference; lastKnownFileType = text.plist.xml; path = Info.plist; sourceTree = "<group>"; };
		8C17A7302A450EF900AFFE22 /* DessertPickerTests.xctest */ = {isa = PBXFileReference; explicitFileType = wrapper.cfbundle; includeInIndex = 0; path = DessertPickerTests.xctest; sourceTree = BUILT_PRODUCTS_DIR; };
		8C17A7342A450EF900AFFE22 /* DessertPickerTests.swift */ = {isa = PBXFileReference; lastKnownFileType = sourcecode.swift; path = DessertPickerTests.swift; sourceTree = "<group>"; };
		8C17A73A2A450EF900AFFE22 /* DessertPickerUITests.xctest */ = {isa = PBXFileReference; explicitFileType = wrapper.cfbundle; includeInIndex = 0; path = DessertPickerUITests.xctest; sourceTree = BUILT_PRODUCTS_DIR; };
		8C17A73E2A450EF900AFFE22 /* DessertPickerUITests.swift */ = {isa = PBXFileReference; lastKnownFileType = sourcecode.swift; path = DessertPickerUITests.swift; sourceTree = "<group>"; };
		8C17A7402A450EF900AFFE22 /* DessertPickerUITestsLaunchTests.swift */ = {isa = PBXFileReference; lastKnownFileType = sourcecode.swift; path = DessertPickerUITestsLaunchTests.swift; sourceTree = "<group>"; };
		8C17A74D2A45250B00AFFE22 /* DessertInfoViewController.swift */ = {isa = PBXFileReference; lastKnownFileType = sourcecode.swift; path = DessertInfoViewController.swift; sourceTree = "<group>"; };
/* End PBXFileReference section */

/* Begin PBXFrameworksBuildPhase section */
		8C17A7142A450EF500AFFE22 /* Frameworks */ = {
			isa = PBXFrameworksBuildPhase;
			buildActionMask = 2147483647;
			files = (
			);
			runOnlyForDeploymentPostprocessing = 0;
		};
		8C17A72D2A450EF900AFFE22 /* Frameworks */ = {
			isa = PBXFrameworksBuildPhase;
			buildActionMask = 2147483647;
			files = (
			);
			runOnlyForDeploymentPostprocessing = 0;
		};
		8C17A7372A450EF900AFFE22 /* Frameworks */ = {
			isa = PBXFrameworksBuildPhase;
			buildActionMask = 2147483647;
			files = (
			);
			runOnlyForDeploymentPostprocessing = 0;
		};
/* End PBXFrameworksBuildPhase section */

/* Begin PBXGroup section */
		8C17A70E2A450EF400AFFE22 = {
			isa = PBXGroup;
			children = (
				8C17A7192A450EF500AFFE22 /* DessertPicker */,
				8C17A7332A450EF900AFFE22 /* DessertPickerTests */,
				8C17A73D2A450EF900AFFE22 /* DessertPickerUITests */,
				8C17A7182A450EF500AFFE22 /* Products */,
			);
			sourceTree = "<group>";
		};
		8C17A7182A450EF500AFFE22 /* Products */ = {
			isa = PBXGroup;
			children = (
				8C17A7172A450EF500AFFE22 /* DessertPicker.app */,
				8C17A7302A450EF900AFFE22 /* DessertPickerTests.xctest */,
				8C17A73A2A450EF900AFFE22 /* DessertPickerUITests.xctest */,
			);
			name = Products;
			sourceTree = "<group>";
		};
		8C17A7192A450EF500AFFE22 /* DessertPicker */ = {
			isa = PBXGroup;
			children = (
				8C17A71A2A450EF500AFFE22 /* AppDelegate.swift */,
				8C17A71C2A450EF500AFFE22 /* SceneDelegate.swift */,
				8C17A71E2A450EF500AFFE22 /* ViewController.swift */,
				8C17A74D2A45250B00AFFE22 /* DessertInfoViewController.swift */,
				8C17A7202A450EF500AFFE22 /* Main.storyboard */,
				8C17A7262A450EF800AFFE22 /* Assets.xcassets */,
				8C17A7282A450EF800AFFE22 /* LaunchScreen.storyboard */,
				8C17A72B2A450EF800AFFE22 /* Info.plist */,
				8C17A7232A450EF500AFFE22 /* DessertPicker.xcdatamodeld */,
			);
			path = DessertPicker;
			sourceTree = "<group>";
		};
		8C17A7332A450EF900AFFE22 /* DessertPickerTests */ = {
			isa = PBXGroup;
			children = (
				8C17A7342A450EF900AFFE22 /* DessertPickerTests.swift */,
			);
			path = DessertPickerTests;
			sourceTree = "<group>";
		};
		8C17A73D2A450EF900AFFE22 /* DessertPickerUITests */ = {
			isa = PBXGroup;
			children = (
				8C17A73E2A450EF900AFFE22 /* DessertPickerUITests.swift */,
				8C17A7402A450EF900AFFE22 /* DessertPickerUITestsLaunchTests.swift */,
			);
			path = DessertPickerUITests;
			sourceTree = "<group>";
		};
/* End PBXGroup section */

/* Begin PBXNativeTarget section */
		8C17A7162A450EF500AFFE22 /* DessertPicker */ = {
			isa = PBXNativeTarget;
			buildConfigurationList = 8C17A7442A450EF900AFFE22 /* Build configuration list for PBXNativeTarget "DessertPicker" */;
			buildPhases = (
				8C17A7132A450EF500AFFE22 /* Sources */,
				8C17A7142A450EF500AFFE22 /* Frameworks */,
				8C17A7152A450EF500AFFE22 /* Resources */,
			);
			buildRules = (
			);
			dependencies = (
			);
			name = DessertPicker;
			productName = DessertPicker;
			productReference = 8C17A7172A450EF500AFFE22 /* DessertPicker.app */;
			productType = "com.apple.product-type.application";
		};
		8C17A72F2A450EF900AFFE22 /* DessertPickerTests */ = {
			isa = PBXNativeTarget;
			buildConfigurationList = 8C17A7472A450EF900AFFE22 /* Build configuration list for PBXNativeTarget "DessertPickerTests" */;
			buildPhases = (
				8C17A72C2A450EF900AFFE22 /* Sources */,
				8C17A72D2A450EF900AFFE22 /* Frameworks */,
				8C17A72E2A450EF900AFFE22 /* Resources */,
			);
			buildRules = (
			);
			dependencies = (
				8C17A7322A450EF900AFFE22 /* PBXTargetDependency */,
			);
			name = DessertPickerTests;
			productName = DessertPickerTests;
			productReference = 8C17A7302A450EF900AFFE22 /* DessertPickerTests.xctest */;
			productType = "com.apple.product-type.bundle.unit-test";
		};
		8C17A7392A450EF900AFFE22 /* DessertPickerUITests */ = {
			isa = PBXNativeTarget;
			buildConfigurationList = 8C17A74A2A450EF900AFFE22 /* Build configuration list for PBXNativeTarget "DessertPickerUITests" */;
			buildPhases = (
				8C17A7362A450EF900AFFE22 /* Sources */,
				8C17A7372A450EF900AFFE22 /* Frameworks */,
				8C17A7382A450EF900AFFE22 /* Resources */,
			);
			buildRules = (
			);
			dependencies = (
				8C17A73C2A450EF900AFFE22 /* PBXTargetDependency */,
			);
			name = DessertPickerUITests;
			productName = DessertPickerUITests;
			productReference = 8C17A73A2A450EF900AFFE22 /* DessertPickerUITests.xctest */;
			productType = "com.apple.product-type.bundle.ui-testing";
		};
/* End PBXNativeTarget section */

/* Begin PBXProject section */
		8C17A70F2A450EF400AFFE22 /* Project object */ = {
			isa = PBXProject;
			attributes = {
				BuildIndependentTargetsInParallel = 1;
				LastSwiftUpdateCheck = 1410;
				LastUpgradeCheck = 1410;
				TargetAttributes = {
					8C17A7162A450EF500AFFE22 = {
						CreatedOnToolsVersion = 14.1;
					};
					8C17A72F2A450EF900AFFE22 = {
						CreatedOnToolsVersion = 14.1;
						TestTargetID = 8C17A7162A450EF500AFFE22;
					};
					8C17A7392A450EF900AFFE22 = {
						CreatedOnToolsVersion = 14.1;
						TestTargetID = 8C17A7162A450EF500AFFE22;
					};
				};
			};
			buildConfigurationList = 8C17A7122A450EF400AFFE22 /* Build configuration list for PBXProject "DessertPicker" */;
			compatibilityVersion = "Xcode 14.0";
			developmentRegion = en;
			hasScannedForEncodings = 0;
			knownRegions = (
				en,
				Base,
			);
			mainGroup = 8C17A70E2A450EF400AFFE22;
			productRefGroup = 8C17A7182A450EF500AFFE22 /* Products */;
			projectDirPath = "";
			projectRoot = "";
			targets = (
				8C17A7162A450EF500AFFE22 /* DessertPicker */,
				8C17A72F2A450EF900AFFE22 /* DessertPickerTests */,
				8C17A7392A450EF900AFFE22 /* DessertPickerUITests */,
			);
		};
/* End PBXProject section */

/* Begin PBXResourcesBuildPhase section */
		8C17A7152A450EF500AFFE22 /* Resources */ = {
			isa = PBXResourcesBuildPhase;
			buildActionMask = 2147483647;
			files = (
				8C17A72A2A450EF800AFFE22 /* LaunchScreen.storyboard in Resources */,
				8C17A7272A450EF800AFFE22 /* Assets.xcassets in Resources */,
				8C17A7222A450EF500AFFE22 /* Main.storyboard in Resources */,
			);
			runOnlyForDeploymentPostprocessing = 0;
		};
		8C17A72E2A450EF900AFFE22 /* Resources */ = {
			isa = PBXResourcesBuildPhase;
			buildActionMask = 2147483647;
			files = (
			);
			runOnlyForDeploymentPostprocessing = 0;
		};
		8C17A7382A450EF900AFFE22 /* Resources */ = {
			isa = PBXResourcesBuildPhase;
			buildActionMask = 2147483647;
			files = (
			);
			runOnlyForDeploymentPostprocessing = 0;
		};
/* End PBXResourcesBuildPhase section */

/* Begin PBXSourcesBuildPhase section */
		8C17A7132A450EF500AFFE22 /* Sources */ = {
			isa = PBXSourcesBuildPhase;
			buildActionMask = 2147483647;
			files = (
				8C17A71F2A450EF500AFFE22 /* ViewController.swift in Sources */,
				8C17A71B2A450EF500AFFE22 /* AppDelegate.swift in Sources */,
				8C17A7252A450EF500AFFE22 /* DessertPicker.xcdatamodeld in Sources */,
				8C17A74E2A45250B00AFFE22 /* DessertInfoViewController.swift in Sources */,
				8C17A71D2A450EF500AFFE22 /* SceneDelegate.swift in Sources */,
			);
			runOnlyForDeploymentPostprocessing = 0;
		};
		8C17A72C2A450EF900AFFE22 /* Sources */ = {
			isa = PBXSourcesBuildPhase;
			buildActionMask = 2147483647;
			files = (
				8C17A7352A450EF900AFFE22 /* DessertPickerTests.swift in Sources */,
			);
			runOnlyForDeploymentPostprocessing = 0;
		};
		8C17A7362A450EF900AFFE22 /* Sources */ = {
			isa = PBXSourcesBuildPhase;
			buildActionMask = 2147483647;
			files = (
				8C17A73F2A450EF900AFFE22 /* DessertPickerUITests.swift in Sources */,
				8C17A7412A450EF900AFFE22 /* DessertPickerUITestsLaunchTests.swift in Sources */,
			);
			runOnlyForDeploymentPostprocessing = 0;
		};
/* End PBXSourcesBuildPhase section */

/* Begin PBXTargetDependency section */
		8C17A7322A450EF900AFFE22 /* PBXTargetDependency */ = {
			isa = PBXTargetDependency;
			target = 8C17A7162A450EF500AFFE22 /* DessertPicker */;
			targetProxy = 8C17A7312A450EF900AFFE22 /* PBXContainerItemProxy */;
		};
		8C17A73C2A450EF900AFFE22 /* PBXTargetDependency */ = {
			isa = PBXTargetDependency;
			target = 8C17A7162A450EF500AFFE22 /* DessertPicker */;
			targetProxy = 8C17A73B2A450EF900AFFE22 /* PBXContainerItemProxy */;
		};
/* End PBXTargetDependency section */

/* Begin PBXVariantGroup section */
		8C17A7202A450EF500AFFE22 /* Main.storyboard */ = {
			isa = PBXVariantGroup;
			children = (
				8C17A7212A450EF500AFFE22 /* Base */,
			);
			name = Main.storyboard;
			sourceTree = "<group>";
		};
		8C17A7282A450EF800AFFE22 /* LaunchScreen.storyboard */ = {
			isa = PBXVariantGroup;
			children = (
				8C17A7292A450EF800AFFE22 /* Base */,
			);
			name = LaunchScreen.storyboard;
			sourceTree = "<group>";
		};
/* End PBXVariantGroup section */

/* Begin XCBuildConfiguration section */
		8C17A7422A450EF900AFFE22 /* Debug */ = {
			isa = XCBuildConfiguration;
			buildSettings = {
				ALWAYS_SEARCH_USER_PATHS = NO;
				CLANG_ANALYZER_NONNULL = YES;
				CLANG_ANALYZER_NUMBER_OBJECT_CONVERSION = YES_AGGRESSIVE;
				CLANG_CXX_LANGUAGE_STANDARD = "gnu++20";
				CLANG_ENABLE_MODULES = YES;
				CLANG_ENABLE_OBJC_ARC = YES;
				CLANG_ENABLE_OBJC_WEAK = YES;
				CLANG_WARN_BLOCK_CAPTURE_AUTORELEASING = YES;
				CLANG_WARN_BOOL_CONVERSION = YES;
				CLANG_WARN_COMMA = YES;
				CLANG_WARN_CONSTANT_CONVERSION = YES;
				CLANG_WARN_DEPRECATED_OBJC_IMPLEMENTATIONS = YES;
				CLANG_WARN_DIRECT_OBJC_ISA_USAGE = YES_ERROR;
				CLANG_WARN_DOCUMENTATION_COMMENTS = YES;
				CLANG_WARN_EMPTY_BODY = YES;
				CLANG_WARN_ENUM_CONVERSION = YES;
				CLANG_WARN_INFINITE_RECURSION = YES;
				CLANG_WARN_INT_CONVERSION = YES;
				CLANG_WARN_NON_LITERAL_NULL_CONVERSION = YES;
				CLANG_WARN_OBJC_IMPLICIT_RETAIN_SELF = YES;
				CLANG_WARN_OBJC_LITERAL_CONVERSION = YES;
				CLANG_WARN_OBJC_ROOT_CLASS = YES_ERROR;
				CLANG_WARN_QUOTED_INCLUDE_IN_FRAMEWORK_HEADER = YES;
				CLANG_WARN_RANGE_LOOP_ANALYSIS = YES;
				CLANG_WARN_STRICT_PROTOTYPES = YES;
				CLANG_WARN_SUSPICIOUS_MOVE = YES;
				CLANG_WARN_UNGUARDED_AVAILABILITY = YES_AGGRESSIVE;
				CLANG_WARN_UNREACHABLE_CODE = YES;
				CLANG_WARN__DUPLICATE_METHOD_MATCH = YES;
				COPY_PHASE_STRIP = NO;
				DEBUG_INFORMATION_FORMAT = dwarf;
				ENABLE_STRICT_OBJC_MSGSEND = YES;
				ENABLE_TESTABILITY = YES;
				GCC_C_LANGUAGE_STANDARD = gnu11;
				GCC_DYNAMIC_NO_PIC = NO;
				GCC_NO_COMMON_BLOCKS = YES;
				GCC_OPTIMIZATION_LEVEL = 0;
				GCC_PREPROCESSOR_DEFINITIONS = (
					"DEBUG=1",
					"$(inherited)",
				);
				GCC_WARN_64_TO_32_BIT_CONVERSION = YES;
				GCC_WARN_ABOUT_RETURN_TYPE = YES_ERROR;
				GCC_WARN_UNDECLARED_SELECTOR = YES;
				GCC_WARN_UNINITIALIZED_AUTOS = YES_AGGRESSIVE;
				GCC_WARN_UNUSED_FUNCTION = YES;
				GCC_WARN_UNUSED_VARIABLE = YES;
				IPHONEOS_DEPLOYMENT_TARGET = 16.1;
				MTL_ENABLE_DEBUG_INFO = INCLUDE_SOURCE;
				MTL_FAST_MATH = YES;
				ONLY_ACTIVE_ARCH = YES;
				SDKROOT = iphoneos;
				SWIFT_ACTIVE_COMPILATION_CONDITIONS = DEBUG;
				SWIFT_OPTIMIZATION_LEVEL = "-Onone";
			};
			name = Debug;
		};
		8C17A7432A450EF900AFFE22 /* Release */ = {
			isa = XCBuildConfiguration;
			buildSettings = {
				ALWAYS_SEARCH_USER_PATHS = NO;
				CLANG_ANALYZER_NONNULL = YES;
				CLANG_ANALYZER_NUMBER_OBJECT_CONVERSION = YES_AGGRESSIVE;
				CLANG_CXX_LANGUAGE_STANDARD = "gnu++20";
				CLANG_ENABLE_MODULES = YES;
				CLANG_ENABLE_OBJC_ARC = YES;
				CLANG_ENABLE_OBJC_WEAK = YES;
				CLANG_WARN_BLOCK_CAPTURE_AUTORELEASING = YES;
				CLANG_WARN_BOOL_CONVERSION = YES;
				CLANG_WARN_COMMA = YES;
				CLANG_WARN_CONSTANT_CONVERSION = YES;
				CLANG_WARN_DEPRECATED_OBJC_IMPLEMENTATIONS = YES;
				CLANG_WARN_DIRECT_OBJC_ISA_USAGE = YES_ERROR;
				CLANG_WARN_DOCUMENTATION_COMMENTS = YES;
				CLANG_WARN_EMPTY_BODY = YES;
				CLANG_WARN_ENUM_CONVERSION = YES;
				CLANG_WARN_INFINITE_RECURSION = YES;
				CLANG_WARN_INT_CONVERSION = YES;
				CLANG_WARN_NON_LITERAL_NULL_CONVERSION = YES;
				CLANG_WARN_OBJC_IMPLICIT_RETAIN_SELF = YES;
				CLANG_WARN_OBJC_LITERAL_CONVERSION = YES;
				CLANG_WARN_OBJC_ROOT_CLASS = YES_ERROR;
				CLANG_WARN_QUOTED_INCLUDE_IN_FRAMEWORK_HEADER = YES;
				CLANG_WARN_RANGE_LOOP_ANALYSIS = YES;
				CLANG_WARN_STRICT_PROTOTYPES = YES;
				CLANG_WARN_SUSPICIOUS_MOVE = YES;
				CLANG_WARN_UNGUARDED_AVAILABILITY = YES_AGGRESSIVE;
				CLANG_WARN_UNREACHABLE_CODE = YES;
				CLANG_WARN__DUPLICATE_METHOD_MATCH = YES;
				COPY_PHASE_STRIP = NO;
				DEBUG_INFORMATION_FORMAT = "dwarf-with-dsym";
				ENABLE_NS_ASSERTIONS = NO;
				ENABLE_STRICT_OBJC_MSGSEND = YES;
				GCC_C_LANGUAGE_STANDARD = gnu11;
				GCC_NO_COMMON_BLOCKS = YES;
				GCC_WARN_64_TO_32_BIT_CONVERSION = YES;
				GCC_WARN_ABOUT_RETURN_TYPE = YES_ERROR;
				GCC_WARN_UNDECLARED_SELECTOR = YES;
				GCC_WARN_UNINITIALIZED_AUTOS = YES_AGGRESSIVE;
				GCC_WARN_UNUSED_FUNCTION = YES;
				GCC_WARN_UNUSED_VARIABLE = YES;
				IPHONEOS_DEPLOYMENT_TARGET = 16.1;
				MTL_ENABLE_DEBUG_INFO = NO;
				MTL_FAST_MATH = YES;
				SDKROOT = iphoneos;
				SWIFT_COMPILATION_MODE = wholemodule;
				SWIFT_OPTIMIZATION_LEVEL = "-O";
				VALIDATE_PRODUCT = YES;
			};
			name = Release;
		};
		8C17A7452A450EF900AFFE22 /* Debug */ = {
			isa = XCBuildConfiguration;
			buildSettings = {
				ASSETCATALOG_COMPILER_APPICON_NAME = AppIcon;
				ASSETCATALOG_COMPILER_GLOBAL_ACCENT_COLOR_NAME = AccentColor;
				CODE_SIGN_STYLE = Automatic;
				CURRENT_PROJECT_VERSION = 1;
				GENERATE_INFOPLIST_FILE = YES;
				INFOPLIST_FILE = DessertPicker/Info.plist;
				INFOPLIST_KEY_UIApplicationSupportsIndirectInputEvents = YES;
				INFOPLIST_KEY_UILaunchStoryboardName = LaunchScreen;
				INFOPLIST_KEY_UIMainStoryboardFile = Main;
				INFOPLIST_KEY_UISupportedInterfaceOrientations_iPad = "UIInterfaceOrientationPortrait UIInterfaceOrientationPortraitUpsideDown UIInterfaceOrientationLandscapeLeft UIInterfaceOrientationLandscapeRight";
				INFOPLIST_KEY_UISupportedInterfaceOrientations_iPhone = "UIInterfaceOrientationPortrait UIInterfaceOrientationLandscapeLeft UIInterfaceOrientationLandscapeRight";
				LD_RUNPATH_SEARCH_PATHS = (
					"$(inherited)",
					"@executable_path/Frameworks",
				);
				MARKETING_VERSION = 1.0;
				PRODUCT_BUNDLE_IDENTIFIER = com.prestinlau.DessertPicker;
				PRODUCT_NAME = "$(TARGET_NAME)";
				SWIFT_EMIT_LOC_STRINGS = YES;
				SWIFT_VERSION = 5.0;
				TARGETED_DEVICE_FAMILY = "1,2";
			};
			name = Debug;
		};
		8C17A7462A450EF900AFFE22 /* Release */ = {
			isa = XCBuildConfiguration;
			buildSettings = {
				ASSETCATALOG_COMPILER_APPICON_NAME = AppIcon;
				ASSETCATALOG_COMPILER_GLOBAL_ACCENT_COLOR_NAME = AccentColor;
				CODE_SIGN_STYLE = Automatic;
				CURRENT_PROJECT_VERSION = 1;
				GENERATE_INFOPLIST_FILE = YES;
				INFOPLIST_FILE = DessertPicker/Info.plist;
				INFOPLIST_KEY_UIApplicationSupportsIndirectInputEvents = YES;
				INFOPLIST_KEY_UILaunchStoryboardName = LaunchScreen;
				INFOPLIST_KEY_UIMainStoryboardFile = Main;
				INFOPLIST_KEY_UISupportedInterfaceOrientations_iPad = "UIInterfaceOrientationPortrait UIInterfaceOrientationPortraitUpsideDown UIInterfaceOrientationLandscapeLeft UIInterfaceOrientationLandscapeRight";
				INFOPLIST_KEY_UISupportedInterfaceOrientations_iPhone = "UIInterfaceOrientationPortrait UIInterfaceOrientationLandscapeLeft UIInterfaceOrientationLandscapeRight";
				LD_RUNPATH_SEARCH_PATHS = (
					"$(inherited)",
					"@executable_path/Frameworks",
				);
				MARKETING_VERSION = 1.0;
				PRODUCT_BUNDLE_IDENTIFIER = com.prestinlau.DessertPicker;
				PRODUCT_NAME = "$(TARGET_NAME)";
				SWIFT_EMIT_LOC_STRINGS = YES;
				SWIFT_VERSION = 5.0;
				TARGETED_DEVICE_FAMILY = "1,2";
			};
			name = Release;
		};
		8C17A7482A450EF900AFFE22 /* Debug */ = {
			isa = XCBuildConfiguration;
			buildSettings = {
				ALWAYS_EMBED_SWIFT_STANDARD_LIBRARIES = YES;
				BUNDLE_LOADER = "$(TEST_HOST)";
				CODE_SIGN_STYLE = Automatic;
				CURRENT_PROJECT_VERSION = 1;
				GENERATE_INFOPLIST_FILE = YES;
				IPHONEOS_DEPLOYMENT_TARGET = 16.1;
				MARKETING_VERSION = 1.0;
				PRODUCT_BUNDLE_IDENTIFIER = com.prestinlau.DessertPickerTests;
				PRODUCT_NAME = "$(TARGET_NAME)";
				SWIFT_EMIT_LOC_STRINGS = NO;
				SWIFT_VERSION = 5.0;
				TARGETED_DEVICE_FAMILY = "1,2";
				TEST_HOST = "$(BUILT_PRODUCTS_DIR)/DessertPicker.app/$(BUNDLE_EXECUTABLE_FOLDER_PATH)/DessertPicker";
			};
			name = Debug;
		};
		8C17A7492A450EF900AFFE22 /* Release */ = {
			isa = XCBuildConfiguration;
			buildSettings = {
				ALWAYS_EMBED_SWIFT_STANDARD_LIBRARIES = YES;
				BUNDLE_LOADER = "$(TEST_HOST)";
				CODE_SIGN_STYLE = Automatic;
				CURRENT_PROJECT_VERSION = 1;
				GENERATE_INFOPLIST_FILE = YES;
				IPHONEOS_DEPLOYMENT_TARGET = 16.1;
				MARKETING_VERSION = 1.0;
				PRODUCT_BUNDLE_IDENTIFIER = com.prestinlau.DessertPickerTests;
				PRODUCT_NAME = "$(TARGET_NAME)";
				SWIFT_EMIT_LOC_STRINGS = NO;
				SWIFT_VERSION = 5.0;
				TARGETED_DEVICE_FAMILY = "1,2";
				TEST_HOST = "$(BUILT_PRODUCTS_DIR)/DessertPicker.app/$(BUNDLE_EXECUTABLE_FOLDER_PATH)/DessertPicker";
			};
			name = Release;
		};
		8C17A74B2A450EF900AFFE22 /* Debug */ = {
			isa = XCBuildConfiguration;
			buildSettings = {
				ALWAYS_EMBED_SWIFT_STANDARD_LIBRARIES = YES;
				CODE_SIGN_STYLE = Automatic;
				CURRENT_PROJECT_VERSION = 1;
				GENERATE_INFOPLIST_FILE = YES;
				MARKETING_VERSION = 1.0;
				PRODUCT_BUNDLE_IDENTIFIER = com.prestinlau.DessertPickerUITests;
				PRODUCT_NAME = "$(TARGET_NAME)";
				SWIFT_EMIT_LOC_STRINGS = NO;
				SWIFT_VERSION = 5.0;
				TARGETED_DEVICE_FAMILY = "1,2";
				TEST_TARGET_NAME = DessertPicker;
			};
			name = Debug;
		};
		8C17A74C2A450EF900AFFE22 /* Release */ = {
			isa = XCBuildConfiguration;
			buildSettings = {
				ALWAYS_EMBED_SWIFT_STANDARD_LIBRARIES = YES;
				CODE_SIGN_STYLE = Automatic;
				CURRENT_PROJECT_VERSION = 1;
				GENERATE_INFOPLIST_FILE = YES;
				MARKETING_VERSION = 1.0;
				PRODUCT_BUNDLE_IDENTIFIER = com.prestinlau.DessertPickerUITests;
				PRODUCT_NAME = "$(TARGET_NAME)";
				SWIFT_EMIT_LOC_STRINGS = NO;
				SWIFT_VERSION = 5.0;
				TARGETED_DEVICE_FAMILY = "1,2";
				TEST_TARGET_NAME = DessertPicker;
			};
			name = Release;
		};
/* End XCBuildConfiguration section */

/* Begin XCConfigurationList section */
		8C17A7122A450EF400AFFE22 /* Build configuration list for PBXProject "DessertPicker" */ = {
			isa = XCConfigurationList;
			buildConfigurations = (
				8C17A7422A450EF900AFFE22 /* Debug */,
				8C17A7432A450EF900AFFE22 /* Release */,
			);
			defaultConfigurationIsVisible = 0;
			defaultConfigurationName = Release;
		};
		8C17A7442A450EF900AFFE22 /* Build configuration list for PBXNativeTarget "DessertPicker" */ = {
			isa = XCConfigurationList;
			buildConfigurations = (
				8C17A7452A450EF900AFFE22 /* Debug */,
				8C17A7462A450EF900AFFE22 /* Release */,
			);
			defaultConfigurationIsVisible = 0;
			defaultConfigurationName = Release;
		};
		8C17A7472A450EF900AFFE22 /* Build configuration list for PBXNativeTarget "DessertPickerTests" */ = {
			isa = XCConfigurationList;
			buildConfigurations = (
				8C17A7482A450EF900AFFE22 /* Debug */,
				8C17A7492A450EF900AFFE22 /* Release */,
			);
			defaultConfigurationIsVisible = 0;
			defaultConfigurationName = Release;
		};
		8C17A74A2A450EF900AFFE22 /* Build configuration list for PBXNativeTarget "DessertPickerUITests" */ = {
			isa = XCConfigurationList;
			buildConfigurations = (
				8C17A74B2A450EF900AFFE22 /* Debug */,
				8C17A74C2A450EF900AFFE22 /* Release */,
			);
			defaultConfigurationIsVisible = 0;
			defaultConfigurationName = Release;
		};
/* End XCConfigurationList section */

/* Begin XCVersionGroup section */
		8C17A7232A450EF500AFFE22 /* DessertPicker.xcdatamodeld */ = {
			isa = XCVersionGroup;
			children = (
				8C17A7242A450EF500AFFE22 /* DessertPicker.xcdatamodel */,
			);
			currentVersion = 8C17A7242A450EF500AFFE22 /* DessertPicker.xcdatamodel */;
			path = DessertPicker.xcdatamodeld;
			sourceTree = "<group>";
			versionGroupType = wrapper.xcdatamodel;
		};
/* End XCVersionGroup section */
	};
	rootObject = 8C17A70F2A450EF400AFFE22 /* Project object */;
}
